
Microsoft Visual Studio Solution File, Format Version 12.00
# Visual Studio 15
Project("{FAE04EC0-301F-11D3-BF4B-00C04F79EFBC}") = "Assembly-CSharp", "Assembly-CSharp.csproj", "{049A1624-2532-6942-6399-A9475B63540B}"
EndProject
Project("{FAE04EC0-301F-11D3-BF4B-00C04F79EFBC}") = "Assembly-CSharp-firstpass", "Assembly-CSharp-firstpass.csproj", "{03869205-5A13-2D8E-F494-5BC3AEA38F38}"
EndProject
Project("{FAE04EC0-301F-11D3-BF4B-00C04F79EFBC}") = "Assembly-CSharp-Editor-firstpass", "Assembly-CSharp-Editor-firstpass.csproj", "{28B146C9-5F84-3274-49AD-AD81669D5C0E}"
EndProject
Global
	GlobalSection(SolutionConfigurationPlatforms) = preSolution
		Debug|Any CPU = Debug|Any CPU
		Release|Any CPU = Release|Any CPU
	EndGlobalSection
	GlobalSection(ProjectConfigurationPlatforms) = postSolution
		{049A1624-2532-6942-6399-A9475B63540B}.Debug|Any CPU.ActiveCfg = Debug|Any CPU
		{049A1624-2532-6942-6399-A9475B63540B}.Debug|Any CPU.Build.0 = Debug|Any CPU
		{049A1624-2532-6942-6399-A9475B63540B}.Release|Any CPU.ActiveCfg = Release|Any CPU
		{049A1624-2532-6942-6399-A9475B63540B}.Release|Any CPU.Build.0 = Release|Any CPU
		{03869205-5A13-2D8E-F494-5BC3AEA38F38}.Debug|Any CPU.ActiveCfg = Debug|Any CPU
		{03869205-5A13-2D8E-F494-5BC3AEA38F38}.Debug|Any CPU.Build.0 = Debug|Any CPU
		{03869205-5A13-2D8E-F494-5BC3AEA38F38}.Release|Any CPU.ActiveCfg = Release|Any CPU
		{03869205-5A13-2D8E-F494-5BC3AEA38F38}.Release|Any CPU.Build.0 = Release|Any CPU
		{28B146C9-5F84-3274-49AD-AD81669D5C0E}.Debug|Any CPU.ActiveCfg = Debug|Any CPU
		{28B146C9-5F84-3274-49AD-AD81669D5C0E}.Debug|Any CPU.Build.0 = Debug|Any CPU
		{28B146C9-5F84-3274-49AD-AD81669D5C0E}.Release|Any CPU.ActiveCfg = Release|Any CPU
		{28B146C9-5F84-3274-49AD-AD81669D5C0E}.Release|Any CPU.Build.0 = Release|Any CPU
	EndGlobalSection
	GlobalSection(SolutionProperties) = preSolution
		HideSolutionNode = FALSE
	EndGlobalSection
EndGlobal
